// !$*UTF8*$!
{
	archiveVersion = 1;
	classes = {
	};
	objectVersion = 51;
	objects = {

/* Begin PBXBuildFile section */
		18153AEA24991D880059CBC6 /* LoginViewController.swift in Sources */ = {isa = PBXBuildFile; fileRef = 18153AE924991D880059CBC6 /* LoginViewController.swift */; };
		181CEF5F248A24C1002198E1 /* AddWordViewController.swift in Sources */ = {isa = PBXBuildFile; fileRef = 181CEF5E248A24C1002198E1 /* AddWordViewController.swift */; };
		182DA7EE2484B6CF0043A3B5 /* TabBarController.swift in Sources */ = {isa = PBXBuildFile; fileRef = 182DA7ED2484B6CF0043A3B5 /* TabBarController.swift */; };
		183EB0A2248DFFD5008E2332 /* DetailViewController.swift in Sources */ = {isa = PBXBuildFile; fileRef = 183EB0A1248DFFD5008E2332 /* DetailViewController.swift */; };
		18485A51248333D300AF2E64 /* NowTestViewController.swift in Sources */ = {isa = PBXBuildFile; fileRef = 18485A50248333D300AF2E64 /* NowTestViewController.swift */; };
		1848E48B2478ECA6008E70BF /* AppDelegate.swift in Sources */ = {isa = PBXBuildFile; fileRef = 1848E48A2478ECA6008E70BF /* AppDelegate.swift */; };
		1848E48D2478ECA6008E70BF /* SceneDelegate.swift in Sources */ = {isa = PBXBuildFile; fileRef = 1848E48C2478ECA6008E70BF /* SceneDelegate.swift */; };
		1848E4922478ECA6008E70BF /* Main.storyboard in Resources */ = {isa = PBXBuildFile; fileRef = 1848E4902478ECA6008E70BF /* Main.storyboard */; };
		1848E4942478ECA7008E70BF /* Assets.xcassets in Resources */ = {isa = PBXBuildFile; fileRef = 1848E4932478ECA7008E70BF /* Assets.xcassets */; };
		1848E4972478ECA7008E70BF /* LaunchScreen.storyboard in Resources */ = {isa = PBXBuildFile; fileRef = 1848E4952478ECA7008E70BF /* LaunchScreen.storyboard */; };
		1848E49F2478EE3C008E70BF /* HomeViewController.swift in Sources */ = {isa = PBXBuildFile; fileRef = 1848E49E2478EE3C008E70BF /* HomeViewController.swift */; };
		1848E4A12478EE53008E70BF /* MemoriViewController.swift in Sources */ = {isa = PBXBuildFile; fileRef = 1848E4A02478EE53008E70BF /* MemoriViewController.swift */; };
		1848E4A32478EE5F008E70BF /* TestViewController.swift in Sources */ = {isa = PBXBuildFile; fileRef = 1848E4A22478EE5F008E70BF /* TestViewController.swift */; };
		1848E4A52478EEBA008E70BF /* CalendarViewController.swift in Sources */ = {isa = PBXBuildFile; fileRef = 1848E4A42478EEBA008E70BF /* CalendarViewController.swift */; };
		1848E4A924790160008E70BF /* WordListViewController.swift in Sources */ = {isa = PBXBuildFile; fileRef = 1848E4A824790160008E70BF /* WordListViewController.swift */; };
		1848E4AF247A0F56008E70BF /* dataList.csv in Resources */ = {isa = PBXBuildFile; fileRef = 1848E4AE247A0F56008E70BF /* dataList.csv */; };
		1848E4B1247A1931008E70BF /* RealmDataList.swift in Sources */ = {isa = PBXBuildFile; fileRef = 1848E4B0247A1931008E70BF /* RealmDataList.swift */; };
		185527FF24A238BF003EE0D1 /* 5.json in Resources */ = {isa = PBXBuildFile; fileRef = 185527FE24A238BF003EE0D1 /* 5.json */; };
		189B866B24A1D38000AB3B84 /* 1.json in Resources */ = {isa = PBXBuildFile; fileRef = 189B866A24A1D37F00AB3B84 /* 1.json */; };
		189B866D24A1E07900AB3B84 /* 2.json in Resources */ = {isa = PBXBuildFile; fileRef = 189B866C24A1E07900AB3B84 /* 2.json */; };
		189B866F24A1E08300AB3B84 /* 3.json in Resources */ = {isa = PBXBuildFile; fileRef = 189B866E24A1E08300AB3B84 /* 3.json */; };
		189B867124A1E08A00AB3B84 /* 4.json in Resources */ = {isa = PBXBuildFile; fileRef = 189B867024A1E08A00AB3B84 /* 4.json */; };
		18CF1AAC249C853C00E13DBA /* startViewController.swift in Sources */ = {isa = PBXBuildFile; fileRef = 18CF1AAB249C853C00E13DBA /* startViewController.swift */; };
		18CF1AB4249C9FD300E13DBA /* dataList2.csv in Resources */ = {isa = PBXBuildFile; fileRef = 18CF1AB3249C9FD300E13DBA /* dataList2.csv */; };
		704C8196BB5A296F516FC659 /* Pods_MyWords.framework in Frameworks */ = {isa = PBXBuildFile; fileRef = CD1CC633A87B7C4FCBE84FD4 /* Pods_MyWords.framework */; };
/* End PBXBuildFile section */

/* Begin PBXFileReference section */
		0BCC997DEB8FB5225A77A2C7 /* Pods-MyWords.debug.xcconfig */ = {isa = PBXFileReference; includeInIndex = 1; lastKnownFileType = text.xcconfig; name = "Pods-MyWords.debug.xcconfig"; path = "Target Support Files/Pods-MyWords/Pods-MyWords.debug.xcconfig"; sourceTree = "<group>"; };
		18153AE924991D880059CBC6 /* LoginViewController.swift */ = {isa = PBXFileReference; lastKnownFileType = sourcecode.swift; path = LoginViewController.swift; sourceTree = "<group>"; };
		181CEF5E248A24C1002198E1 /* AddWordViewController.swift */ = {isa = PBXFileReference; lastKnownFileType = sourcecode.swift; path = AddWordViewController.swift; sourceTree = "<group>"; };
		182DA7ED2484B6CF0043A3B5 /* TabBarController.swift */ = {isa = PBXFileReference; fileEncoding = 4; lastKnownFileType = sourcecode.swift; path = TabBarController.swift; sourceTree = "<group>"; };
		183EB0A1248DFFD5008E2332 /* DetailViewController.swift */ = {isa = PBXFileReference; lastKnownFileType = sourcecode.swift; path = DetailViewController.swift; sourceTree = "<group>"; };
		18485A50248333D300AF2E64 /* NowTestViewController.swift */ = {isa = PBXFileReference; lastKnownFileType = sourcecode.swift; path = NowTestViewController.swift; sourceTree = "<group>"; };
		1848E4872478ECA6008E70BF /* MyWords.app */ = {isa = PBXFileReference; explicitFileType = wrapper.application; includeInIndex = 0; path = MyWords.app; sourceTree = BUILT_PRODUCTS_DIR; };
		1848E48A2478ECA6008E70BF /* AppDelegate.swift */ = {isa = PBXFileReference; lastKnownFileType = sourcecode.swift; path = AppDelegate.swift; sourceTree = "<group>"; };
		1848E48C2478ECA6008E70BF /* SceneDelegate.swift */ = {isa = PBXFileReference; lastKnownFileType = sourcecode.swift; path = SceneDelegate.swift; sourceTree = "<group>"; };
		1848E4912478ECA6008E70BF /* Base */ = {isa = PBXFileReference; lastKnownFileType = file.storyboard; name = Base; path = Base.lproj/Main.storyboard; sourceTree = "<group>"; };
		1848E4932478ECA7008E70BF /* Assets.xcassets */ = {isa = PBXFileReference; lastKnownFileType = folder.assetcatalog; path = Assets.xcassets; sourceTree = "<group>"; };
		1848E4962478ECA7008E70BF /* Base */ = {isa = PBXFileReference; lastKnownFileType = file.storyboard; name = Base; path = Base.lproj/LaunchScreen.storyboard; sourceTree = "<group>"; };
		1848E4982478ECA7008E70BF /* Info.plist */ = {isa = PBXFileReference; lastKnownFileType = text.plist.xml; path = Info.plist; sourceTree = "<group>"; };
		1848E49E2478EE3C008E70BF /* HomeViewController.swift */ = {isa = PBXFileReference; lastKnownFileType = sourcecode.swift; path = HomeViewController.swift; sourceTree = "<group>"; };
		1848E4A02478EE53008E70BF /* MemoriViewController.swift */ = {isa = PBXFileReference; lastKnownFileType = sourcecode.swift; path = MemoriViewController.swift; sourceTree = "<group>"; };
		1848E4A22478EE5F008E70BF /* TestViewController.swift */ = {isa = PBXFileReference; lastKnownFileType = sourcecode.swift; path = TestViewController.swift; sourceTree = "<group>"; };
		1848E4A42478EEBA008E70BF /* CalendarViewController.swift */ = {isa = PBXFileReference; lastKnownFileType = sourcecode.swift; path = CalendarViewController.swift; sourceTree = "<group>"; };
		1848E4A824790160008E70BF /* WordListViewController.swift */ = {isa = PBXFileReference; lastKnownFileType = sourcecode.swift; path = WordListViewController.swift; sourceTree = "<group>"; };
		1848E4AE247A0F56008E70BF /* dataList.csv */ = {isa = PBXFileReference; lastKnownFileType = text; path = dataList.csv; sourceTree = "<group>"; };
		1848E4B0247A1931008E70BF /* RealmDataList.swift */ = {isa = PBXFileReference; lastKnownFileType = sourcecode.swift; path = RealmDataList.swift; sourceTree = "<group>"; };
		185527FE24A238BF003EE0D1 /* 5.json */ = {isa = PBXFileReference; fileEncoding = 4; lastKnownFileType = text.json; path = 5.json; sourceTree = "<group>"; };
		189B866A24A1D37F00AB3B84 /* 1.json */ = {isa = PBXFileReference; fileEncoding = 4; lastKnownFileType = text.json; path = 1.json; sourceTree = "<group>"; };
		189B866C24A1E07900AB3B84 /* 2.json */ = {isa = PBXFileReference; fileEncoding = 4; lastKnownFileType = text.json; path = 2.json; sourceTree = "<group>"; };
		189B866E24A1E08300AB3B84 /* 3.json */ = {isa = PBXFileReference; fileEncoding = 4; lastKnownFileType = text.json; path = 3.json; sourceTree = "<group>"; };
		189B867024A1E08A00AB3B84 /* 4.json */ = {isa = PBXFileReference; fileEncoding = 4; lastKnownFileType = text.json; path = 4.json; sourceTree = "<group>"; };
		18CF1AAB249C853C00E13DBA /* startViewController.swift */ = {isa = PBXFileReference; lastKnownFileType = sourcecode.swift; path = startViewController.swift; sourceTree = "<group>"; };
		18CF1AB3249C9FD300E13DBA /* dataList2.csv */ = {isa = PBXFileReference; lastKnownFileType = text; path = dataList2.csv; sourceTree = "<group>"; };
		7036247C4FDE39C884BE2D4D /* Pods-MyWords.release.xcconfig */ = {isa = PBXFileReference; includeInIndex = 1; lastKnownFileType = text.xcconfig; name = "Pods-MyWords.release.xcconfig"; path = "Target Support Files/Pods-MyWords/Pods-MyWords.release.xcconfig"; sourceTree = "<group>"; };
		CD1CC633A87B7C4FCBE84FD4 /* Pods_MyWords.framework */ = {isa = PBXFileReference; explicitFileType = wrapper.framework; includeInIndex = 0; path = Pods_MyWords.framework; sourceTree = BUILT_PRODUCTS_DIR; };
/* End PBXFileReference section */

/* Begin PBXFrameworksBuildPhase section */
		1848E4842478ECA6008E70BF /* Frameworks */ = {
			isa = PBXFrameworksBuildPhase;
			buildActionMask = 2147483647;
			files = (
				704C8196BB5A296F516FC659 /* Pods_MyWords.framework in Frameworks */,
			);
			runOnlyForDeploymentPostprocessing = 0;
		};
/* End PBXFrameworksBuildPhase section */

/* Begin PBXGroup section */
		1848E47E2478ECA6008E70BF = {
			isa = PBXGroup;
			children = (
				1848E4892478ECA6008E70BF /* MyWords */,
				1848E4882478ECA6008E70BF /* Products */,
				AE2E81E37ED527C39104263E /* Pods */,
				E5D6CFFE263D6E4CDA418912 /* Frameworks */,
			);
			sourceTree = "<group>";
		};
		1848E4882478ECA6008E70BF /* Products */ = {
			isa = PBXGroup;
			children = (
				1848E4872478ECA6008E70BF /* MyWords.app */,
			);
			name = Products;
			sourceTree = "<group>";
		};
		1848E4892478ECA6008E70BF /* MyWords */ = {
			isa = PBXGroup;
			children = (
				1848E48A2478ECA6008E70BF /* AppDelegate.swift */,
				1848E48C2478ECA6008E70BF /* SceneDelegate.swift */,
				1848E49E2478EE3C008E70BF /* HomeViewController.swift */,
				183EB0A1248DFFD5008E2332 /* DetailViewController.swift */,
				1848E4A02478EE53008E70BF /* MemoriViewController.swift */,
				1848E4A824790160008E70BF /* WordListViewController.swift */,
				1848E4A22478EE5F008E70BF /* TestViewController.swift */,
				18485A50248333D300AF2E64 /* NowTestViewController.swift */,
				1848E4A42478EEBA008E70BF /* CalendarViewController.swift */,
				181CEF5E248A24C1002198E1 /* AddWordViewController.swift */,
				1848E4AE247A0F56008E70BF /* dataList.csv */,
				18CF1AB3249C9FD300E13DBA /* dataList2.csv */,
				1848E4B0247A1931008E70BF /* RealmDataList.swift */,
				182DA7ED2484B6CF0043A3B5 /* TabBarController.swift */,
				18153AE924991D880059CBC6 /* LoginViewController.swift */,
				18CF1AAB249C853C00E13DBA /* startViewController.swift */,
				1848E4902478ECA6008E70BF /* Main.storyboard */,
				1848E4932478ECA7008E70BF /* Assets.xcassets */,
				189B866A24A1D37F00AB3B84 /* 1.json */,
				189B866C24A1E07900AB3B84 /* 2.json */,
				189B866E24A1E08300AB3B84 /* 3.json */,
				189B867024A1E08A00AB3B84 /* 4.json */,
				185527FE24A238BF003EE0D1 /* 5.json */,
				1848E4952478ECA7008E70BF /* LaunchScreen.storyboard */,
				1848E4982478ECA7008E70BF /* Info.plist */,
			);
			path = MyWords;
			sourceTree = "<group>";
		};
		AE2E81E37ED527C39104263E /* Pods */ = {
			isa = PBXGroup;
			children = (
				0BCC997DEB8FB5225A77A2C7 /* Pods-MyWords.debug.xcconfig */,
				7036247C4FDE39C884BE2D4D /* Pods-MyWords.release.xcconfig */,
			);
			path = Pods;
			sourceTree = "<group>";
		};
		E5D6CFFE263D6E4CDA418912 /* Frameworks */ = {
			isa = PBXGroup;
			children = (
				CD1CC633A87B7C4FCBE84FD4 /* Pods_MyWords.framework */,
			);
			name = Frameworks;
			sourceTree = "<group>";
		};
/* End PBXGroup section */

/* Begin PBXNativeTarget section */
		1848E4862478ECA6008E70BF /* MyWords */ = {
			isa = PBXNativeTarget;
			buildConfigurationList = 1848E49B2478ECA7008E70BF /* Build configuration list for PBXNativeTarget "MyWords" */;
			buildPhases = (
				0EC73751B0466F235649A0AA /* [CP] Check Pods Manifest.lock */,
				1848E4832478ECA6008E70BF /* Sources */,
				1848E4842478ECA6008E70BF /* Frameworks */,
				1848E4852478ECA6008E70BF /* Resources */,
				877FEB9E51E46E6A0A0C024E /* [CP] Embed Pods Frameworks */,
			);
			buildRules = (
			);
			dependencies = (
			);
			name = MyWords;
			productName = MyWords;
			productReference = 1848E4872478ECA6008E70BF /* MyWords.app */;
			productType = "com.apple.product-type.application";
		};
/* End PBXNativeTarget section */

/* Begin PBXProject section */
		1848E47F2478ECA6008E70BF /* Project object */ = {
			isa = PBXProject;
			attributes = {
				LastSwiftUpdateCheck = 1140;
				LastUpgradeCheck = 1140;
				ORGANIZATIONNAME = ryotaro.tsuji;
				TargetAttributes = {
					1848E4862478ECA6008E70BF = {
						CreatedOnToolsVersion = 11.4;
					};
				};
			};
			buildConfigurationList = 1848E4822478ECA6008E70BF /* Build configuration list for PBXProject "MyWords" */;
			compatibilityVersion = "Xcode 9.3";
			developmentRegion = en;
			hasScannedForEncodings = 0;
			knownRegions = (
				en,
				Base,
			);
			mainGroup = 1848E47E2478ECA6008E70BF;
			productRefGroup = 1848E4882478ECA6008E70BF /* Products */;
			projectDirPath = "";
			projectRoot = "";
			targets = (
				1848E4862478ECA6008E70BF /* MyWords */,
			);
		};
/* End PBXProject section */

/* Begin PBXResourcesBuildPhase section */
		1848E4852478ECA6008E70BF /* Resources */ = {
			isa = PBXResourcesBuildPhase;
			buildActionMask = 2147483647;
			files = (
				1848E4AF247A0F56008E70BF /* dataList.csv in Resources */,
				189B867124A1E08A00AB3B84 /* 4.json in Resources */,
				189B866F24A1E08300AB3B84 /* 3.json in Resources */,
				189B866B24A1D38000AB3B84 /* 1.json in Resources */,
				18CF1AB4249C9FD300E13DBA /* dataList2.csv in Resources */,
				185527FF24A238BF003EE0D1 /* 5.json in Resources */,
				1848E4972478ECA7008E70BF /* LaunchScreen.storyboard in Resources */,
				189B866D24A1E07900AB3B84 /* 2.json in Resources */,
				1848E4942478ECA7008E70BF /* Assets.xcassets in Resources */,
				1848E4922478ECA6008E70BF /* Main.storyboard in Resources */,
			);
			runOnlyForDeploymentPostprocessing = 0;
		};
/* End PBXResourcesBuildPhase section */

/* Begin PBXShellScriptBuildPhase section */
		0EC73751B0466F235649A0AA /* [CP] Check Pods Manifest.lock */ = {
			isa = PBXShellScriptBuildPhase;
			buildActionMask = 2147483647;
			files = (
			);
			inputFileListPaths = (
			);
			inputPaths = (
				"${PODS_PODFILE_DIR_PATH}/Podfile.lock",
				"${PODS_ROOT}/Manifest.lock",
			);
			name = "[CP] Check Pods Manifest.lock";
			outputFileListPaths = (
			);
			outputPaths = (
				"$(DERIVED_FILE_DIR)/Pods-MyWords-checkManifestLockResult.txt",
			);
			runOnlyForDeploymentPostprocessing = 0;
			shellPath = /bin/sh;
			shellScript = "diff \"${PODS_PODFILE_DIR_PATH}/Podfile.lock\" \"${PODS_ROOT}/Manifest.lock\" > /dev/null\nif [ $? != 0 ] ; then\n    # print error to STDERR\n    echo \"error: The sandbox is not in sync with the Podfile.lock. Run 'pod install' or update your CocoaPods installation.\" >&2\n    exit 1\nfi\n# This output is used by Xcode 'outputs' to avoid re-running this script phase.\necho \"SUCCESS\" > \"${SCRIPT_OUTPUT_FILE_0}\"\n";
			showEnvVarsInLog = 0;
		};
		877FEB9E51E46E6A0A0C024E /* [CP] Embed Pods Frameworks */ = {
			isa = PBXShellScriptBuildPhase;
			buildActionMask = 2147483647;
			files = (
			);
			inputFileListPaths = (
				"${PODS_ROOT}/Target Support Files/Pods-MyWords/Pods-MyWords-frameworks-${CONFIGURATION}-input-files.xcfilelist",
			);
			name = "[CP] Embed Pods Frameworks";
			outputFileListPaths = (
				"${PODS_ROOT}/Target Support Files/Pods-MyWords/Pods-MyWords-frameworks-${CONFIGURATION}-output-files.xcfilelist",
			);
			runOnlyForDeploymentPostprocessing = 0;
			shellPath = /bin/sh;
			shellScript = "\"${PODS_ROOT}/Target Support Files/Pods-MyWords/Pods-MyWords-frameworks.sh\"\n";
			showEnvVarsInLog = 0;
		};
/* End PBXShellScriptBuildPhase section */

/* Begin PBXSourcesBuildPhase section */
		1848E4832478ECA6008E70BF /* Sources */ = {
			isa = PBXSourcesBuildPhase;
			buildActionMask = 2147483647;
			files = (
				18485A51248333D300AF2E64 /* NowTestViewController.swift in Sources */,
				18CF1AAC249C853C00E13DBA /* startViewController.swift in Sources */,
				1848E4A12478EE53008E70BF /* MemoriViewController.swift in Sources */,
				1848E48B2478ECA6008E70BF /* AppDelegate.swift in Sources */,
				183EB0A2248DFFD5008E2332 /* DetailViewController.swift in Sources */,
				182DA7EE2484B6CF0043A3B5 /* TabBarController.swift in Sources */,
				181CEF5F248A24C1002198E1 /* AddWordViewController.swift in Sources */,
				1848E48D2478ECA6008E70BF /* SceneDelegate.swift in Sources */,
				1848E4A32478EE5F008E70BF /* TestViewController.swift in Sources */,
				1848E4A52478EEBA008E70BF /* CalendarViewController.swift in Sources */,
				1848E4B1247A1931008E70BF /* RealmDataList.swift in Sources */,
				1848E4A924790160008E70BF /* WordListViewController.swift in Sources */,
				18153AEA24991D880059CBC6 /* LoginViewController.swift in Sources */,
				1848E49F2478EE3C008E70BF /* HomeViewController.swift in Sources */,
			);
			runOnlyForDeploymentPostprocessing = 0;
		};
/* End PBXSourcesBuildPhase section */

/* Begin PBXVariantGroup section */
		1848E4902478ECA6008E70BF /* Main.storyboard */ = {
			isa = PBXVariantGroup;
			children = (
				1848E4912478ECA6008E70BF /* Base */,
			);
			name = Main.storyboard;
			sourceTree = "<group>";
		};
		1848E4952478ECA7008E70BF /* LaunchScreen.storyboard */ = {
			isa = PBXVariantGroup;
			children = (
				1848E4962478ECA7008E70BF /* Base */,
			);
			name = LaunchScreen.storyboard;
			sourceTree = "<group>";
		};
/* End PBXVariantGroup section */

/* Begin XCBuildConfiguration section */
		1848E4992478ECA7008E70BF /* Debug */ = {
			isa = XCBuildConfiguration;
			buildSettings = {
				ALWAYS_SEARCH_USER_PATHS = NO;
				CLANG_ANALYZER_NONNULL = YES;
				CLANG_ANALYZER_NUMBER_OBJECT_CONVERSION = YES_AGGRESSIVE;
				CLANG_CXX_LANGUAGE_STANDARD = "gnu++14";
				CLANG_CXX_LIBRARY = "libc++";
				CLANG_ENABLE_MODULES = YES;
				CLANG_ENABLE_OBJC_ARC = YES;
				CLANG_ENABLE_OBJC_WEAK = YES;
				CLANG_WARN_BLOCK_CAPTURE_AUTORELEASING = YES;
				CLANG_WARN_BOOL_CONVERSION = YES;
				CLANG_WARN_COMMA = YES;
				CLANG_WARN_CONSTANT_CONVERSION = YES;
				CLANG_WARN_DEPRECATED_OBJC_IMPLEMENTATIONS = YES;
				CLANG_WARN_DIRECT_OBJC_ISA_USAGE = YES_ERROR;
				CLANG_WARN_DOCUMENTATION_COMMENTS = YES;
				CLANG_WARN_EMPTY_BODY = YES;
				CLANG_WARN_ENUM_CONVERSION = YES;
				CLANG_WARN_INFINITE_RECURSION = YES;
				CLANG_WARN_INT_CONVERSION = YES;
				CLANG_WARN_NON_LITERAL_NULL_CONVERSION = YES;
				CLANG_WARN_OBJC_IMPLICIT_RETAIN_SELF = YES;
				CLANG_WARN_OBJC_LITERAL_CONVERSION = YES;
				CLANG_WARN_OBJC_ROOT_CLASS = YES_ERROR;
				CLANG_WARN_RANGE_LOOP_ANALYSIS = YES;
				CLANG_WARN_STRICT_PROTOTYPES = YES;
				CLANG_WARN_SUSPICIOUS_MOVE = YES;
				CLANG_WARN_UNGUARDED_AVAILABILITY = YES_AGGRESSIVE;
				CLANG_WARN_UNREACHABLE_CODE = YES;
				CLANG_WARN__DUPLICATE_METHOD_MATCH = YES;
				COPY_PHASE_STRIP = NO;
				DEBUG_INFORMATION_FORMAT = dwarf;
				ENABLE_STRICT_OBJC_MSGSEND = YES;
				ENABLE_TESTABILITY = YES;
				GCC_C_LANGUAGE_STANDARD = gnu11;
				GCC_DYNAMIC_NO_PIC = NO;
				GCC_NO_COMMON_BLOCKS = YES;
				GCC_OPTIMIZATION_LEVEL = 0;
				GCC_PREPROCESSOR_DEFINITIONS = (
					"DEBUG=1",
					"$(inherited)",
				);
				GCC_WARN_64_TO_32_BIT_CONVERSION = YES;
				GCC_WARN_ABOUT_RETURN_TYPE = YES_ERROR;
				GCC_WARN_UNDECLARED_SELECTOR = YES;
				GCC_WARN_UNINITIALIZED_AUTOS = YES_AGGRESSIVE;
				GCC_WARN_UNUSED_FUNCTION = YES;
				GCC_WARN_UNUSED_VARIABLE = YES;
				IPHONEOS_DEPLOYMENT_TARGET = 13.4;
				MTL_ENABLE_DEBUG_INFO = INCLUDE_SOURCE;
				MTL_FAST_MATH = YES;
				ONLY_ACTIVE_ARCH = YES;
				SDKROOT = iphoneos;
				SWIFT_ACTIVE_COMPILATION_CONDITIONS = DEBUG;
				SWIFT_OPTIMIZATION_LEVEL = "-Onone";
			};
			name = Debug;
		};
		1848E49A2478ECA7008E70BF /* Release */ = {
			isa = XCBuildConfiguration;
			buildSettings = {
				ALWAYS_SEARCH_USER_PATHS = NO;
				CLANG_ANALYZER_NONNULL = YES;
				CLANG_ANALYZER_NUMBER_OBJECT_CONVERSION = YES_AGGRESSIVE;
				CLANG_CXX_LANGUAGE_STANDARD = "gnu++14";
				CLANG_CXX_LIBRARY = "libc++";
				CLANG_ENABLE_MODULES = YES;
				CLANG_ENABLE_OBJC_ARC = YES;
				CLANG_ENABLE_OBJC_WEAK = YES;
				CLANG_WARN_BLOCK_CAPTURE_AUTORELEASING = YES;
				CLANG_WARN_BOOL_CONVERSION = YES;
				CLANG_WARN_COMMA = YES;
				CLANG_WARN_CONSTANT_CONVERSION = YES;
				CLANG_WARN_DEPRECATED_OBJC_IMPLEMENTATIONS = YES;
				CLANG_WARN_DIRECT_OBJC_ISA_USAGE = YES_ERROR;
				CLANG_WARN_DOCUMENTATION_COMMENTS = YES;
				CLANG_WARN_EMPTY_BODY = YES;
				CLANG_WARN_ENUM_CONVERSION = YES;
				CLANG_WARN_INFINITE_RECURSION = YES;
				CLANG_WARN_INT_CONVERSION = YES;
				CLANG_WARN_NON_LITERAL_NULL_CONVERSION = YES;
				CLANG_WARN_OBJC_IMPLICIT_RETAIN_SELF = YES;
				CLANG_WARN_OBJC_LITERAL_CONVERSION = YES;
				CLANG_WARN_OBJC_ROOT_CLASS = YES_ERROR;
				CLANG_WARN_RANGE_LOOP_ANALYSIS = YES;
				CLANG_WARN_STRICT_PROTOTYPES = YES;
				CLANG_WARN_SUSPICIOUS_MOVE = YES;
				CLANG_WARN_UNGUARDED_AVAILABILITY = YES_AGGRESSIVE;
				CLANG_WARN_UNREACHABLE_CODE = YES;
				CLANG_WARN__DUPLICATE_METHOD_MATCH = YES;
				COPY_PHASE_STRIP = NO;
				DEBUG_INFORMATION_FORMAT = "dwarf-with-dsym";
				ENABLE_NS_ASSERTIONS = NO;
				ENABLE_STRICT_OBJC_MSGSEND = YES;
				GCC_C_LANGUAGE_STANDARD = gnu11;
				GCC_NO_COMMON_BLOCKS = YES;
				GCC_WARN_64_TO_32_BIT_CONVERSION = YES;
				GCC_WARN_ABOUT_RETURN_TYPE = YES_ERROR;
				GCC_WARN_UNDECLARED_SELECTOR = YES;
				GCC_WARN_UNINITIALIZED_AUTOS = YES_AGGRESSIVE;
				GCC_WARN_UNUSED_FUNCTION = YES;
				GCC_WARN_UNUSED_VARIABLE = YES;
				IPHONEOS_DEPLOYMENT_TARGET = 13.4;
				MTL_ENABLE_DEBUG_INFO = NO;
				MTL_FAST_MATH = YES;
				SDKROOT = iphoneos;
				SWIFT_COMPILATION_MODE = wholemodule;
				SWIFT_OPTIMIZATION_LEVEL = "-O";
				VALIDATE_PRODUCT = YES;
			};
			name = Release;
		};
		1848E49C2478ECA7008E70BF /* Debug */ = {
			isa = XCBuildConfiguration;
			baseConfigurationReference = 0BCC997DEB8FB5225A77A2C7 /* Pods-MyWords.debug.xcconfig */;
			buildSettings = {
				ASSETCATALOG_COMPILER_APPICON_NAME = AppIcon;
				CODE_SIGN_STYLE = Automatic;
				DEVELOPMENT_TEAM = MQ3PXRJDU7;
				INFOPLIST_FILE = MyWords/Info.plist;
				IPHONEOS_DEPLOYMENT_TARGET = 13.4;
				LD_RUNPATH_SEARCH_PATHS = (
					"$(inherited)",
					"@executable_path/Frameworks",
				);
				PRODUCT_BUNDLE_IDENTIFIER = jp.techacademy.ryotaro.tsuji.MyWords;
				PRODUCT_NAME = "$(TARGET_NAME)";
				SWIFT_VERSION = 5.0;
				TARGETED_DEVICE_FAMILY = "1,2";
			};
			name = Debug;
		};
		1848E49D2478ECA7008E70BF /* Release */ = {
			isa = XCBuildConfiguration;
			baseConfigurationReference = 7036247C4FDE39C884BE2D4D /* Pods-MyWords.release.xcconfig */;
			buildSettings = {
				ASSETCATALOG_COMPILER_APPICON_NAME = AppIcon;
				CODE_SIGN_STYLE = Automatic;
				DEVELOPMENT_TEAM = MQ3PXRJDU7;
				INFOPLIST_FILE = MyWords/Info.plist;
				IPHONEOS_DEPLOYMENT_TARGET = 13.4;
				LD_RUNPATH_SEARCH_PATHS = (
					"$(inherited)",
					"@executable_path/Frameworks",
				);
				PRODUCT_BUNDLE_IDENTIFIER = jp.techacademy.ryotaro.tsuji.MyWords;
				PRODUCT_NAME = "$(TARGET_NAME)";
				SWIFT_VERSION = 5.0;
				TARGETED_DEVICE_FAMILY = "1,2";
			};
			name = Release;
		};
/* End XCBuildConfiguration section */

/* Begin XCConfigurationList section */
		1848E4822478ECA6008E70BF /* Build configuration list for PBXProject "MyWords" */ = {
			isa = XCConfigurationList;
			buildConfigurations = (
				1848E4992478ECA7008E70BF /* Debug */,
				1848E49A2478ECA7008E70BF /* Release */,
			);
			defaultConfigurationIsVisible = 0;
			defaultConfigurationName = Release;
		};
		1848E49B2478ECA7008E70BF /* Build configuration list for PBXNativeTarget "MyWords" */ = {
			isa = XCConfigurationList;
			buildConfigurations = (
				1848E49C2478ECA7008E70BF /* Debug */,
				1848E49D2478ECA7008E70BF /* Release */,
			);
			defaultConfigurationIsVisible = 0;
			defaultConfigurationName = Release;
		};
/* End XCConfigurationList section */
	};
	rootObject = 1848E47F2478ECA6008E70BF /* Project object */;
}
